
Microsoft Visual Studio Solution File, Format Version 12.00
# Visual Studio Version 17
VisualStudioVersion = 17.3.32901.215
MinimumVisualStudioVersion = 10.0.40219.1
Project("{FAE04EC0-301F-11D3-BF4B-00C04F79EFBC}") = "CarRepairShop", "CarRepairShop\CarRepairShop.csproj", "{C2C7C074-5542-455D-8274-CB480E987A4C}"
EndProject
Global
	GlobalSection(SolutionConfigurationPlatforms) = preSolution
		Debug|Any CPU = Debug|Any CPU
		Release|Any CPU = Release|Any CPU
	EndGlobalSection
	GlobalSection(ProjectConfigurationPlatforms) = postSolution
		{C2C7C074-5542-455D-8274-CB480E987A4C}.Debug|Any CPU.ActiveCfg = Debug|Any CPU
		{C2C7C074-5542-455D-8274-CB480E987A4C}.Debug|Any CPU.Build.0 = Debug|Any CPU
		{C2C7C074-5542-455D-8274-CB480E987A4C}.Release|Any CPU.ActiveCfg = Release|Any CPU
		{C2C7C074-5542-455D-8274-CB480E987A4C}.Release|Any CPU.Build.0 = Release|Any CPU
	EndGlobalSection
	GlobalSection(SolutionProperties) = preSolution
		HideSolutionNode = FALSE
	EndGlobalSection
	GlobalSection(ExtensibilityGlobals) = postSolution
		SolutionGuid = {DC9AA4D0-9D83-4AC5-BAA8-B1EAB1DE40D4}
	EndGlobalSection
EndGlobal
